
Microsoft Visual Studio Solution File, Format Version 12.00
Project("{FAE04EC0-301F-11D3-BF4B-00C04F79EFBC}") = "WebApp", "WebApp\WebApp.csproj", "{7A1316C4-F0CD-4318-B23A-7C4792DB2F9A}"
EndProject
Project("{2150E333-8FDC-42A3-9474-1A3956D46DE8}") = "1_App", "1_App", "{A3F97125-CE62-4AC7-94AC-4255EFC3B1DB}"
EndProject
Project("{2150E333-8FDC-42A3-9474-1A3956D46DE8}") = "2_Base", "2_Base", "{89188C86-89E8-4476-A697-54CBA271A58A}"
EndProject
Project("{2150E333-8FDC-42A3-9474-1A3956D46DE8}") = "0_Solution_Items", "0_Solution_Items", "{1A72DF69-7ADF-4459-B38D-44A1310191B1}"
	ProjectSection(SolutionItems) = preProject
		.gitignore = .gitignore
		..\..\Downloads\docker-compose.yml = ..\..\Downloads\docker-compose.yml
	EndProjectSection
EndProject
Project("{FAE04EC0-301F-11D3-BF4B-00C04F79EFBC}") = "Base.Domain", "Base.Domain\Base.Domain.csproj", "{B71BB652-4754-4A43-BE3C-B8310E4A9D55}"
EndProject
Project("{FAE04EC0-301F-11D3-BF4B-00C04F79EFBC}") = "Base.Domain.Contracts", "Base.Domain.Contracts\Base.Domain.Contracts.csproj", "{75EDCEA5-5182-4340-9670-1D455596C1A0}"
EndProject
Project("{FAE04EC0-301F-11D3-BF4B-00C04F79EFBC}") = "App.Domain", "App.Domain\App.Domain.csproj", "{174D8379-CCFD-42B8-82D2-7D398EBA35A8}"
EndProject
Project("{FAE04EC0-301F-11D3-BF4B-00C04F79EFBC}") = "App.DAL.EF", "App.DAL.EF\App.DAL.EF.csproj", "{BFAD20CC-7D8F-4BEC-81FC-6E987C16BD66}"
EndProject
Project("{FAE04EC0-301F-11D3-BF4B-00C04F79EFBC}") = "Base.DAL.Contracts", "Base.DAL.Contracts\Base.DAL.Contracts.csproj", "{0344CAFC-6399-4107-A4B0-626E2E7A1932}"
EndProject
Project("{FAE04EC0-301F-11D3-BF4B-00C04F79EFBC}") = "Base.DAL.EF", "Base.DAL.EF\Base.DAL.EF.csproj", "{DFB3F782-FEA6-4B7F-B14A-3BDBE982153E}"
EndProject
Project("{FAE04EC0-301F-11D3-BF4B-00C04F79EFBC}") = "App.DAL.Contracts", "App.DAL.Contracts\App.DAL.Contracts.csproj", "{929818CA-D1AF-4644-815A-6F7BC390DE0E}"
EndProject
Project("{FAE04EC0-301F-11D3-BF4B-00C04F79EFBC}") = "Docs", "Docs\Docs.csproj", "{0AB12E51-0705-426C-9B5A-3BD897FF8268}"
EndProject
Global
	GlobalSection(SolutionConfigurationPlatforms) = preSolution
		Debug|Any CPU = Debug|Any CPU
		Release|Any CPU = Release|Any CPU
	EndGlobalSection
	GlobalSection(ProjectConfigurationPlatforms) = postSolution
		{7A1316C4-F0CD-4318-B23A-7C4792DB2F9A}.Debug|Any CPU.ActiveCfg = Debug|Any CPU
		{7A1316C4-F0CD-4318-B23A-7C4792DB2F9A}.Debug|Any CPU.Build.0 = Debug|Any CPU
		{7A1316C4-F0CD-4318-B23A-7C4792DB2F9A}.Release|Any CPU.ActiveCfg = Release|Any CPU
		{7A1316C4-F0CD-4318-B23A-7C4792DB2F9A}.Release|Any CPU.Build.0 = Release|Any CPU
		{B71BB652-4754-4A43-BE3C-B8310E4A9D55}.Debug|Any CPU.ActiveCfg = Debug|Any CPU
		{B71BB652-4754-4A43-BE3C-B8310E4A9D55}.Debug|Any CPU.Build.0 = Debug|Any CPU
		{B71BB652-4754-4A43-BE3C-B8310E4A9D55}.Release|Any CPU.ActiveCfg = Release|Any CPU
		{B71BB652-4754-4A43-BE3C-B8310E4A9D55}.Release|Any CPU.Build.0 = Release|Any CPU
		{75EDCEA5-5182-4340-9670-1D455596C1A0}.Debug|Any CPU.ActiveCfg = Debug|Any CPU
		{75EDCEA5-5182-4340-9670-1D455596C1A0}.Debug|Any CPU.Build.0 = Debug|Any CPU
		{75EDCEA5-5182-4340-9670-1D455596C1A0}.Release|Any CPU.ActiveCfg = Release|Any CPU
		{75EDCEA5-5182-4340-9670-1D455596C1A0}.Release|Any CPU.Build.0 = Release|Any CPU
		{174D8379-CCFD-42B8-82D2-7D398EBA35A8}.Debug|Any CPU.ActiveCfg = Debug|Any CPU
		{174D8379-CCFD-42B8-82D2-7D398EBA35A8}.Debug|Any CPU.Build.0 = Debug|Any CPU
		{174D8379-CCFD-42B8-82D2-7D398EBA35A8}.Release|Any CPU.ActiveCfg = Release|Any CPU
		{174D8379-CCFD-42B8-82D2-7D398EBA35A8}.Release|Any CPU.Build.0 = Release|Any CPU
		{BFAD20CC-7D8F-4BEC-81FC-6E987C16BD66}.Debug|Any CPU.ActiveCfg = Debug|Any CPU
		{BFAD20CC-7D8F-4BEC-81FC-6E987C16BD66}.Debug|Any CPU.Build.0 = Debug|Any CPU
		{BFAD20CC-7D8F-4BEC-81FC-6E987C16BD66}.Release|Any CPU.ActiveCfg = Release|Any CPU
		{BFAD20CC-7D8F-4BEC-81FC-6E987C16BD66}.Release|Any CPU.Build.0 = Release|Any CPU
		{0344CAFC-6399-4107-A4B0-626E2E7A1932}.Debug|Any CPU.ActiveCfg = Debug|Any CPU
		{0344CAFC-6399-4107-A4B0-626E2E7A1932}.Debug|Any CPU.Build.0 = Debug|Any CPU
		{0344CAFC-6399-4107-A4B0-626E2E7A1932}.Release|Any CPU.ActiveCfg = Release|Any CPU
		{0344CAFC-6399-4107-A4B0-626E2E7A1932}.Release|Any CPU.Build.0 = Release|Any CPU
		{DFB3F782-FEA6-4B7F-B14A-3BDBE982153E}.Debug|Any CPU.ActiveCfg = Debug|Any CPU
		{DFB3F782-FEA6-4B7F-B14A-3BDBE982153E}.Debug|Any CPU.Build.0 = Debug|Any CPU
		{DFB3F782-FEA6-4B7F-B14A-3BDBE982153E}.Release|Any CPU.ActiveCfg = Release|Any CPU
		{DFB3F782-FEA6-4B7F-B14A-3BDBE982153E}.Release|Any CPU.Build.0 = Release|Any CPU
		{929818CA-D1AF-4644-815A-6F7BC390DE0E}.Debug|Any CPU.ActiveCfg = Debug|Any CPU
		{929818CA-D1AF-4644-815A-6F7BC390DE0E}.Debug|Any CPU.Build.0 = Debug|Any CPU
		{929818CA-D1AF-4644-815A-6F7BC390DE0E}.Release|Any CPU.ActiveCfg = Release|Any CPU
		{929818CA-D1AF-4644-815A-6F7BC390DE0E}.Release|Any CPU.Build.0 = Release|Any CPU
		{0AB12E51-0705-426C-9B5A-3BD897FF8268}.Debug|Any CPU.ActiveCfg = Debug|Any CPU
		{0AB12E51-0705-426C-9B5A-3BD897FF8268}.Debug|Any CPU.Build.0 = Debug|Any CPU
		{0AB12E51-0705-426C-9B5A-3BD897FF8268}.Release|Any CPU.ActiveCfg = Release|Any CPU
		{0AB12E51-0705-426C-9B5A-3BD897FF8268}.Release|Any CPU.Build.0 = Release|Any CPU
	EndGlobalSection
	GlobalSection(NestedProjects) = preSolution
		{7A1316C4-F0CD-4318-B23A-7C4792DB2F9A} = {A3F97125-CE62-4AC7-94AC-4255EFC3B1DB}
		{B71BB652-4754-4A43-BE3C-B8310E4A9D55} = {89188C86-89E8-4476-A697-54CBA271A58A}
		{75EDCEA5-5182-4340-9670-1D455596C1A0} = {89188C86-89E8-4476-A697-54CBA271A58A}
		{174D8379-CCFD-42B8-82D2-7D398EBA35A8} = {A3F97125-CE62-4AC7-94AC-4255EFC3B1DB}
		{BFAD20CC-7D8F-4BEC-81FC-6E987C16BD66} = {A3F97125-CE62-4AC7-94AC-4255EFC3B1DB}
		{0344CAFC-6399-4107-A4B0-626E2E7A1932} = {89188C86-89E8-4476-A697-54CBA271A58A}
		{DFB3F782-FEA6-4B7F-B14A-3BDBE982153E} = {89188C86-89E8-4476-A697-54CBA271A58A}
		{929818CA-D1AF-4644-815A-6F7BC390DE0E} = {A3F97125-CE62-4AC7-94AC-4255EFC3B1DB}
		{0AB12E51-0705-426C-9B5A-3BD897FF8268} = {1A72DF69-7ADF-4459-B38D-44A1310191B1}
	EndGlobalSection
EndGlobal
