
Microsoft Visual Studio Solution File, Format Version 12.00
Project("{FAE04EC0-301F-11D3-BF4B-00C04F79EFBC}") = "WebApp", "WebApp\WebApp.csproj", "{7A1316C4-F0CD-4318-B23A-7C4792DB2F9A}"
EndProject
Project("{2150E333-8FDC-42A3-9474-1A3956D46DE8}") = "1_App", "1_App", "{A3F97125-CE62-4AC7-94AC-4255EFC3B1DB}"
EndProject
Project("{2150E333-8FDC-42A3-9474-1A3956D46DE8}") = "2_Base", "2_Base", "{89188C86-89E8-4476-A697-54CBA271A58A}"
EndProject
Project("{2150E333-8FDC-42A3-9474-1A3956D46DE8}") = "0_Solution_Items", "0_Solution_Items", "{1A72DF69-7ADF-4459-B38D-44A1310191B1}"
	ProjectSection(SolutionItems) = preProject
		.gitignore = .gitignore
		..\..\Downloads\docker-compose.yml = ..\..\Downloads\docker-compose.yml
	EndProjectSection
EndProject
Project("{FAE04EC0-301F-11D3-BF4B-00C04F79EFBC}") = "Base.Domain", "Base.Domain\Base.Domain.csproj", "{B71BB652-4754-4A43-BE3C-B8310E4A9D55}"
EndProject
Project("{FAE04EC0-301F-11D3-BF4B-00C04F79EFBC}") = "Base.Domain.Contract", "Base.Domain.Contract\Base.Domain.Contract.csproj", "{75EDCEA5-5182-4340-9670-1D455596C1A0}"
EndProject
Project("{FAE04EC0-301F-11D3-BF4B-00C04F79EFBC}") = "App.Domain", "App.Domain\App.Domain.csproj", "{174D8379-CCFD-42B8-82D2-7D398EBA35A8}"
EndProject
Project("{FAE04EC0-301F-11D3-BF4B-00C04F79EFBC}") = "App.DAL.EF", "App.DAL.EF\App.DAL.EF.csproj", "{BFAD20CC-7D8F-4BEC-81FC-6E987C16BD66}"
EndProject
Project("{FAE04EC0-301F-11D3-BF4B-00C04F79EFBC}") = "Base.DAL.Contracts", "Base.DAL.Contracts\Base.DAL.Contracts.csproj", "{0344CAFC-6399-4107-A4B0-626E2E7A1932}"
EndProject
Project("{FAE04EC0-301F-11D3-BF4B-00C04F79EFBC}") = "Base.DAL.EF", "Base.DAL.EF\Base.DAL.EF.csproj", "{DFB3F782-FEA6-4B7F-B14A-3BDBE982153E}"
EndProject
Project("{FAE04EC0-301F-11D3-BF4B-00C04F79EFBC}") = "App.DAL.Contracts", "App.DAL.Contracts\App.DAL.Contracts.csproj", "{929818CA-D1AF-4644-815A-6F7BC390DE0E}"
EndProject
Project("{FAE04EC0-301F-11D3-BF4B-00C04F79EFBC}") = "Base.Helpers", "Base.Helpers\Base.Helpers.csproj", "{C3D57D5D-DEFD-46E0-84D1-B7EB1313F0C7}"
EndProject
Project("{FAE04EC0-301F-11D3-BF4B-00C04F79EFBC}") = "App.DAL.DTO", "App.DAL.DTO\App.DAL.DTO.csproj", "{6E0B35EA-719F-4ABE-986B-E5EC171E9EAF}"
EndProject
Project("{FAE04EC0-301F-11D3-BF4B-00C04F79EFBC}") = "Base.BLL.Contracts", "Base.BLL.Contracts\Base.BLL.Contracts.csproj", "{B0F75977-BDD1-4E8B-BCE2-D1D51A3635F7}"
EndProject
Project("{FAE04EC0-301F-11D3-BF4B-00C04F79EFBC}") = "Base.BLL", "Base.BLL\Base.BLL.csproj", "{ED9469F4-A15F-4DBD-A289-570C566ABFB2}"
EndProject
Project("{FAE04EC0-301F-11D3-BF4B-00C04F79EFBC}") = "App.BLL.DTO", "App.BLL.DTO\App.BLL.DTO.csproj", "{4671A7BF-C178-4E00-AD55-8BC5B2E1E647}"
EndProject
Project("{FAE04EC0-301F-11D3-BF4B-00C04F79EFBC}") = "App.BLL.Contracts", "App.BLL.Contracts\App.BLL.Contracts.csproj", "{4B73A474-EDD5-4ACE-B85A-58DAA9B9BA3B}"
EndProject
Project("{FAE04EC0-301F-11D3-BF4B-00C04F79EFBC}") = "App.BLL", "App.BLL\App.BLL.csproj", "{96CC88FE-3185-455C-9636-BFD7AE26F047}"
EndProject
Project("{FAE04EC0-301F-11D3-BF4B-00C04F79EFBC}") = "App.Helpers", "App.Helpers\App.Helpers.csproj", "{D86C2834-AEDC-4B20-B56C-8D6C29DB0684}"
EndProject
Project("{FAE04EC0-301F-11D3-BF4B-00C04F79EFBC}") = "App.Public.DTO", "App.Public.DTO\App.Public.DTO.csproj", "{55A93441-B022-420B-92C8-89F82FECFA21}"
EndProject
Project("{FAE04EC0-301F-11D3-BF4B-00C04F79EFBC}") = "Base.Public", "Base.Public\Base.Public.csproj", "{8DC6959A-EF3B-41BD-B203-5163EE7B21CC}"
EndProject
Project("{FAE04EC0-301F-11D3-BF4B-00C04F79EFBC}") = "Base.Resources", "Base.Resources\Base.Resources.csproj", "{97270DCD-D0A1-4F56-A4D9-08B2210ECAB7}"
EndProject
Project("{FAE04EC0-301F-11D3-BF4B-00C04F79EFBC}") = "App.Resources", "App.Resources\App.Resources.csproj", "{AF540E2D-88B6-4D89-A276-335765C53111}"
EndProject
Project("{FAE04EC0-301F-11D3-BF4B-00C04F79EFBC}") = "Base.Tests", "Base.Tests\Base.Tests.csproj", "{8894F8FC-C509-4D07-ABC5-091ED17260A6}"
EndProject
Project("{2150E333-8FDC-42A3-9474-1A3956D46DE8}") = "1_AppApi", "1_AppApi", "{2F68DC82-72CB-41EB-92F2-C80CA2A5944F}"
EndProject
Project("{FAE04EC0-301F-11D3-BF4B-00C04F79EFBC}") = "WebAppApi", "WebAppApi\WebAppApi.csproj", "{80C4A467-37E9-4265-B859-090F6180BC8C}"
EndProject
Project("{FAE04EC0-301F-11D3-BF4B-00C04F79EFBC}") = "App.Tests", "App.Tests\App.Tests.csproj", "{D649D64C-18F2-44E6-92AC-90F167F8A468}"
EndProject
Global
	GlobalSection(SolutionConfigurationPlatforms) = preSolution
		Debug|Any CPU = Debug|Any CPU
		Release|Any CPU = Release|Any CPU
	EndGlobalSection
	GlobalSection(ProjectConfigurationPlatforms) = postSolution
		{7A1316C4-F0CD-4318-B23A-7C4792DB2F9A}.Debug|Any CPU.ActiveCfg = Debug|Any CPU
		{7A1316C4-F0CD-4318-B23A-7C4792DB2F9A}.Debug|Any CPU.Build.0 = Debug|Any CPU
		{7A1316C4-F0CD-4318-B23A-7C4792DB2F9A}.Release|Any CPU.ActiveCfg = Release|Any CPU
		{7A1316C4-F0CD-4318-B23A-7C4792DB2F9A}.Release|Any CPU.Build.0 = Release|Any CPU
		{B71BB652-4754-4A43-BE3C-B8310E4A9D55}.Debug|Any CPU.ActiveCfg = Debug|Any CPU
		{B71BB652-4754-4A43-BE3C-B8310E4A9D55}.Debug|Any CPU.Build.0 = Debug|Any CPU
		{B71BB652-4754-4A43-BE3C-B8310E4A9D55}.Release|Any CPU.ActiveCfg = Release|Any CPU
		{B71BB652-4754-4A43-BE3C-B8310E4A9D55}.Release|Any CPU.Build.0 = Release|Any CPU
		{75EDCEA5-5182-4340-9670-1D455596C1A0}.Debug|Any CPU.ActiveCfg = Debug|Any CPU
		{75EDCEA5-5182-4340-9670-1D455596C1A0}.Debug|Any CPU.Build.0 = Debug|Any CPU
		{75EDCEA5-5182-4340-9670-1D455596C1A0}.Release|Any CPU.ActiveCfg = Release|Any CPU
		{75EDCEA5-5182-4340-9670-1D455596C1A0}.Release|Any CPU.Build.0 = Release|Any CPU
		{174D8379-CCFD-42B8-82D2-7D398EBA35A8}.Debug|Any CPU.ActiveCfg = Debug|Any CPU
		{174D8379-CCFD-42B8-82D2-7D398EBA35A8}.Debug|Any CPU.Build.0 = Debug|Any CPU
		{174D8379-CCFD-42B8-82D2-7D398EBA35A8}.Release|Any CPU.ActiveCfg = Release|Any CPU
		{174D8379-CCFD-42B8-82D2-7D398EBA35A8}.Release|Any CPU.Build.0 = Release|Any CPU
		{BFAD20CC-7D8F-4BEC-81FC-6E987C16BD66}.Debug|Any CPU.ActiveCfg = Debug|Any CPU
		{BFAD20CC-7D8F-4BEC-81FC-6E987C16BD66}.Debug|Any CPU.Build.0 = Debug|Any CPU
		{BFAD20CC-7D8F-4BEC-81FC-6E987C16BD66}.Release|Any CPU.ActiveCfg = Release|Any CPU
		{BFAD20CC-7D8F-4BEC-81FC-6E987C16BD66}.Release|Any CPU.Build.0 = Release|Any CPU
		{0344CAFC-6399-4107-A4B0-626E2E7A1932}.Debug|Any CPU.ActiveCfg = Debug|Any CPU
		{0344CAFC-6399-4107-A4B0-626E2E7A1932}.Debug|Any CPU.Build.0 = Debug|Any CPU
		{0344CAFC-6399-4107-A4B0-626E2E7A1932}.Release|Any CPU.ActiveCfg = Release|Any CPU
		{0344CAFC-6399-4107-A4B0-626E2E7A1932}.Release|Any CPU.Build.0 = Release|Any CPU
		{DFB3F782-FEA6-4B7F-B14A-3BDBE982153E}.Debug|Any CPU.ActiveCfg = Debug|Any CPU
		{DFB3F782-FEA6-4B7F-B14A-3BDBE982153E}.Debug|Any CPU.Build.0 = Debug|Any CPU
		{DFB3F782-FEA6-4B7F-B14A-3BDBE982153E}.Release|Any CPU.ActiveCfg = Release|Any CPU
		{DFB3F782-FEA6-4B7F-B14A-3BDBE982153E}.Release|Any CPU.Build.0 = Release|Any CPU
		{929818CA-D1AF-4644-815A-6F7BC390DE0E}.Debug|Any CPU.ActiveCfg = Debug|Any CPU
		{929818CA-D1AF-4644-815A-6F7BC390DE0E}.Debug|Any CPU.Build.0 = Debug|Any CPU
		{929818CA-D1AF-4644-815A-6F7BC390DE0E}.Release|Any CPU.ActiveCfg = Release|Any CPU
		{929818CA-D1AF-4644-815A-6F7BC390DE0E}.Release|Any CPU.Build.0 = Release|Any CPU
		{C3D57D5D-DEFD-46E0-84D1-B7EB1313F0C7}.Debug|Any CPU.ActiveCfg = Debug|Any CPU
		{C3D57D5D-DEFD-46E0-84D1-B7EB1313F0C7}.Debug|Any CPU.Build.0 = Debug|Any CPU
		{C3D57D5D-DEFD-46E0-84D1-B7EB1313F0C7}.Release|Any CPU.ActiveCfg = Release|Any CPU
		{C3D57D5D-DEFD-46E0-84D1-B7EB1313F0C7}.Release|Any CPU.Build.0 = Release|Any CPU
		{6E0B35EA-719F-4ABE-986B-E5EC171E9EAF}.Debug|Any CPU.ActiveCfg = Debug|Any CPU
		{6E0B35EA-719F-4ABE-986B-E5EC171E9EAF}.Debug|Any CPU.Build.0 = Debug|Any CPU
		{6E0B35EA-719F-4ABE-986B-E5EC171E9EAF}.Release|Any CPU.ActiveCfg = Release|Any CPU
		{6E0B35EA-719F-4ABE-986B-E5EC171E9EAF}.Release|Any CPU.Build.0 = Release|Any CPU
		{B0F75977-BDD1-4E8B-BCE2-D1D51A3635F7}.Debug|Any CPU.ActiveCfg = Debug|Any CPU
		{B0F75977-BDD1-4E8B-BCE2-D1D51A3635F7}.Debug|Any CPU.Build.0 = Debug|Any CPU
		{B0F75977-BDD1-4E8B-BCE2-D1D51A3635F7}.Release|Any CPU.ActiveCfg = Release|Any CPU
		{B0F75977-BDD1-4E8B-BCE2-D1D51A3635F7}.Release|Any CPU.Build.0 = Release|Any CPU
		{ED9469F4-A15F-4DBD-A289-570C566ABFB2}.Debug|Any CPU.ActiveCfg = Debug|Any CPU
		{ED9469F4-A15F-4DBD-A289-570C566ABFB2}.Debug|Any CPU.Build.0 = Debug|Any CPU
		{ED9469F4-A15F-4DBD-A289-570C566ABFB2}.Release|Any CPU.ActiveCfg = Release|Any CPU
		{ED9469F4-A15F-4DBD-A289-570C566ABFB2}.Release|Any CPU.Build.0 = Release|Any CPU
		{4671A7BF-C178-4E00-AD55-8BC5B2E1E647}.Debug|Any CPU.ActiveCfg = Debug|Any CPU
		{4671A7BF-C178-4E00-AD55-8BC5B2E1E647}.Debug|Any CPU.Build.0 = Debug|Any CPU
		{4671A7BF-C178-4E00-AD55-8BC5B2E1E647}.Release|Any CPU.ActiveCfg = Release|Any CPU
		{4671A7BF-C178-4E00-AD55-8BC5B2E1E647}.Release|Any CPU.Build.0 = Release|Any CPU
		{4B73A474-EDD5-4ACE-B85A-58DAA9B9BA3B}.Debug|Any CPU.ActiveCfg = Debug|Any CPU
		{4B73A474-EDD5-4ACE-B85A-58DAA9B9BA3B}.Debug|Any CPU.Build.0 = Debug|Any CPU
		{4B73A474-EDD5-4ACE-B85A-58DAA9B9BA3B}.Release|Any CPU.ActiveCfg = Release|Any CPU
		{4B73A474-EDD5-4ACE-B85A-58DAA9B9BA3B}.Release|Any CPU.Build.0 = Release|Any CPU
		{96CC88FE-3185-455C-9636-BFD7AE26F047}.Debug|Any CPU.ActiveCfg = Debug|Any CPU
		{96CC88FE-3185-455C-9636-BFD7AE26F047}.Debug|Any CPU.Build.0 = Debug|Any CPU
		{96CC88FE-3185-455C-9636-BFD7AE26F047}.Release|Any CPU.ActiveCfg = Release|Any CPU
		{96CC88FE-3185-455C-9636-BFD7AE26F047}.Release|Any CPU.Build.0 = Release|Any CPU
		{D86C2834-AEDC-4B20-B56C-8D6C29DB0684}.Debug|Any CPU.ActiveCfg = Debug|Any CPU
		{D86C2834-AEDC-4B20-B56C-8D6C29DB0684}.Debug|Any CPU.Build.0 = Debug|Any CPU
		{D86C2834-AEDC-4B20-B56C-8D6C29DB0684}.Release|Any CPU.ActiveCfg = Release|Any CPU
		{D86C2834-AEDC-4B20-B56C-8D6C29DB0684}.Release|Any CPU.Build.0 = Release|Any CPU
		{55A93441-B022-420B-92C8-89F82FECFA21}.Debug|Any CPU.ActiveCfg = Debug|Any CPU
		{55A93441-B022-420B-92C8-89F82FECFA21}.Debug|Any CPU.Build.0 = Debug|Any CPU
		{55A93441-B022-420B-92C8-89F82FECFA21}.Release|Any CPU.ActiveCfg = Release|Any CPU
		{55A93441-B022-420B-92C8-89F82FECFA21}.Release|Any CPU.Build.0 = Release|Any CPU
		{8DC6959A-EF3B-41BD-B203-5163EE7B21CC}.Debug|Any CPU.ActiveCfg = Debug|Any CPU
		{8DC6959A-EF3B-41BD-B203-5163EE7B21CC}.Debug|Any CPU.Build.0 = Debug|Any CPU
		{8DC6959A-EF3B-41BD-B203-5163EE7B21CC}.Release|Any CPU.ActiveCfg = Release|Any CPU
		{8DC6959A-EF3B-41BD-B203-5163EE7B21CC}.Release|Any CPU.Build.0 = Release|Any CPU
		{97270DCD-D0A1-4F56-A4D9-08B2210ECAB7}.Debug|Any CPU.ActiveCfg = Debug|Any CPU
		{97270DCD-D0A1-4F56-A4D9-08B2210ECAB7}.Debug|Any CPU.Build.0 = Debug|Any CPU
		{97270DCD-D0A1-4F56-A4D9-08B2210ECAB7}.Release|Any CPU.ActiveCfg = Release|Any CPU
		{97270DCD-D0A1-4F56-A4D9-08B2210ECAB7}.Release|Any CPU.Build.0 = Release|Any CPU
		{AF540E2D-88B6-4D89-A276-335765C53111}.Debug|Any CPU.ActiveCfg = Debug|Any CPU
		{AF540E2D-88B6-4D89-A276-335765C53111}.Debug|Any CPU.Build.0 = Debug|Any CPU
		{AF540E2D-88B6-4D89-A276-335765C53111}.Release|Any CPU.ActiveCfg = Release|Any CPU
		{AF540E2D-88B6-4D89-A276-335765C53111}.Release|Any CPU.Build.0 = Release|Any CPU
		{8894F8FC-C509-4D07-ABC5-091ED17260A6}.Debug|Any CPU.ActiveCfg = Debug|Any CPU
		{8894F8FC-C509-4D07-ABC5-091ED17260A6}.Debug|Any CPU.Build.0 = Debug|Any CPU
		{8894F8FC-C509-4D07-ABC5-091ED17260A6}.Release|Any CPU.ActiveCfg = Release|Any CPU
		{8894F8FC-C509-4D07-ABC5-091ED17260A6}.Release|Any CPU.Build.0 = Release|Any CPU
		{80C4A467-37E9-4265-B859-090F6180BC8C}.Debug|Any CPU.ActiveCfg = Debug|Any CPU
		{80C4A467-37E9-4265-B859-090F6180BC8C}.Debug|Any CPU.Build.0 = Debug|Any CPU
		{80C4A467-37E9-4265-B859-090F6180BC8C}.Release|Any CPU.ActiveCfg = Release|Any CPU
		{80C4A467-37E9-4265-B859-090F6180BC8C}.Release|Any CPU.Build.0 = Release|Any CPU
		{D649D64C-18F2-44E6-92AC-90F167F8A468}.Debug|Any CPU.ActiveCfg = Debug|Any CPU
		{D649D64C-18F2-44E6-92AC-90F167F8A468}.Debug|Any CPU.Build.0 = Debug|Any CPU
		{D649D64C-18F2-44E6-92AC-90F167F8A468}.Release|Any CPU.ActiveCfg = Release|Any CPU
		{D649D64C-18F2-44E6-92AC-90F167F8A468}.Release|Any CPU.Build.0 = Release|Any CPU
	EndGlobalSection
	GlobalSection(NestedProjects) = preSolution
		{7A1316C4-F0CD-4318-B23A-7C4792DB2F9A} = {A3F97125-CE62-4AC7-94AC-4255EFC3B1DB}
		{B71BB652-4754-4A43-BE3C-B8310E4A9D55} = {89188C86-89E8-4476-A697-54CBA271A58A}
		{75EDCEA5-5182-4340-9670-1D455596C1A0} = {89188C86-89E8-4476-A697-54CBA271A58A}
		{174D8379-CCFD-42B8-82D2-7D398EBA35A8} = {A3F97125-CE62-4AC7-94AC-4255EFC3B1DB}
		{BFAD20CC-7D8F-4BEC-81FC-6E987C16BD66} = {A3F97125-CE62-4AC7-94AC-4255EFC3B1DB}
		{0344CAFC-6399-4107-A4B0-626E2E7A1932} = {89188C86-89E8-4476-A697-54CBA271A58A}
		{DFB3F782-FEA6-4B7F-B14A-3BDBE982153E} = {89188C86-89E8-4476-A697-54CBA271A58A}
		{929818CA-D1AF-4644-815A-6F7BC390DE0E} = {A3F97125-CE62-4AC7-94AC-4255EFC3B1DB}
		{C3D57D5D-DEFD-46E0-84D1-B7EB1313F0C7} = {89188C86-89E8-4476-A697-54CBA271A58A}
		{6E0B35EA-719F-4ABE-986B-E5EC171E9EAF} = {A3F97125-CE62-4AC7-94AC-4255EFC3B1DB}
		{B0F75977-BDD1-4E8B-BCE2-D1D51A3635F7} = {89188C86-89E8-4476-A697-54CBA271A58A}
		{ED9469F4-A15F-4DBD-A289-570C566ABFB2} = {89188C86-89E8-4476-A697-54CBA271A58A}
		{4671A7BF-C178-4E00-AD55-8BC5B2E1E647} = {A3F97125-CE62-4AC7-94AC-4255EFC3B1DB}
		{4B73A474-EDD5-4ACE-B85A-58DAA9B9BA3B} = {A3F97125-CE62-4AC7-94AC-4255EFC3B1DB}
		{96CC88FE-3185-455C-9636-BFD7AE26F047} = {A3F97125-CE62-4AC7-94AC-4255EFC3B1DB}
		{D86C2834-AEDC-4B20-B56C-8D6C29DB0684} = {A3F97125-CE62-4AC7-94AC-4255EFC3B1DB}
		{55A93441-B022-420B-92C8-89F82FECFA21} = {A3F97125-CE62-4AC7-94AC-4255EFC3B1DB}
		{8DC6959A-EF3B-41BD-B203-5163EE7B21CC} = {89188C86-89E8-4476-A697-54CBA271A58A}
		{97270DCD-D0A1-4F56-A4D9-08B2210ECAB7} = {89188C86-89E8-4476-A697-54CBA271A58A}
		{AF540E2D-88B6-4D89-A276-335765C53111} = {A3F97125-CE62-4AC7-94AC-4255EFC3B1DB}
		{8894F8FC-C509-4D07-ABC5-091ED17260A6} = {89188C86-89E8-4476-A697-54CBA271A58A}
		{80C4A467-37E9-4265-B859-090F6180BC8C} = {2F68DC82-72CB-41EB-92F2-C80CA2A5944F}
		{D649D64C-18F2-44E6-92AC-90F167F8A468} = {A3F97125-CE62-4AC7-94AC-4255EFC3B1DB}
	EndGlobalSection
EndGlobal
